{
  "version": 2,
  "dependencies": {
    "net10.0": {
      "webuitoolkit.dependencynotices.core": {
        "type": "Project"
      },
      "webuitoolkit.dependencynotices.rendering": {
        "type": "Project",
        "dependencies": {
          "WebUIToolkit.DependencyNotices.Core": "[1.0.0, )"
        }
      }
    }
  }
}