<Solution>
  <Folder Name="/src/">
    <Project Path="src/RunicToolkit.Collections/RunicToolkit.Collections.csproj" />
    <Project Path="src/RunicToolkit.Desktop/RunicToolkit.Desktop.csproj" />
    <Project Path="src/RunicToolkit.Frontend.Generators/RunicToolkit.Frontend.Generators.csproj" />
    <Project Path="src/RunicToolkit.Frontend.Sdk/RunicToolkit.Frontend.Sdk.csproj" />
    <Project Path="src/RunicToolkit.Hosting.Abstractions/RunicToolkit.Hosting.Abstractions.csproj" />
    <Project Path="src/RunicToolkit.Hosting.Build/RunicToolkit.Hosting.Build.csproj" />
    <Project Path="src/RunicToolkit.Hosting.CsWebUi/RunicToolkit.Hosting.CsWebUi.csproj" />
    <Project Path="src/RunicToolkit.Hosting.CsWebUi.App/RunicToolkit.Hosting.CsWebUi.App.csproj" />
    <Project Path="src/RunicToolkit.Hosting.CsWebUi.Mvvm/RunicToolkit.Hosting.CsWebUi.Mvvm.csproj" />
    <Project Path="src/RunicToolkit.Hosting.Generators/RunicToolkit.Hosting.Generators.csproj" />
    <Project Path="src/RunicToolkit.Hosting.GenericHost/RunicToolkit.Hosting.GenericHost.csproj" />
    <Project Path="src/RunicToolkit.Hosting.WebUi/RunicToolkit.Hosting.WebUi.csproj" />
    <Project Path="src/RunicToolkit.Hosting/RunicToolkit.Hosting.csproj" />
    <Project Path="src/RunicToolkit.MVVM.Build/RunicToolkit.MVVM.Build.csproj" />
    <Project Path="src/RunicToolkit.MVVM.CommunityToolkit/RunicToolkit.MVVM.CommunityToolkit.csproj" />
    <Project Path="src/RunicToolkit.MVVM.ReactiveUI/RunicToolkit.MVVM.ReactiveUI.csproj" />
    <Project Path="src/RunicToolkit.MVVM/RunicToolkit.MVVM.csproj" />
  </Folder>
  <Folder Name="/tests/">
    <Project Path="tests/RunicToolkit.Collections.Tests/RunicToolkit.Collections.Tests.csproj" />
    <Project Path="tests/RunicToolkit.Desktop.Tests/RunicToolkit.Desktop.Tests.csproj" />
    <Project Path="tests/RunicToolkit.DotNet.RunicToolkit.Tests/RunicToolkit.DotNet.RunicToolkit.Tests.csproj" />
    <Project Path="tests/RunicToolkit.Frontend.Sdk.Tests/RunicToolkit.Frontend.Sdk.Tests.csproj" />
    <Project Path="tests/RunicToolkit.Hosting.Build.Tests/RunicToolkit.Hosting.Build.Tests.csproj" />
    <Project Path="tests/RunicToolkit.Hosting.CompositionTests/RunicToolkit.Hosting.CompositionTests.csproj" />
    <Project Path="tests/RunicToolkit.Hosting.ContractTests/RunicToolkit.Hosting.ContractTests.csproj" />
    <Project Path="tests/RunicToolkit.Hosting.CsWebUi.Tests/RunicToolkit.Hosting.CsWebUi.Tests.csproj" />
    <Project Path="tests/RunicToolkit.Hosting.CsWebUi.Mvvm.Tests/RunicToolkit.Hosting.CsWebUi.Mvvm.Tests.csproj" />
    <Project Path="tests/RunicToolkit.Hosting.CsWebUi.NativeE2E/RunicToolkit.Hosting.CsWebUi.NativeE2E.csproj" />
    <Project Path="tests/RunicToolkit.MVVM.BindingCompiler.Tests/RunicToolkit.MVVM.BindingCompiler.Tests.csproj" />
    <Project Path="tests/RunicToolkit.MVVM.Build.Tests/RunicToolkit.MVVM.Build.Tests.csproj" />
    <Project Path="tests/RunicToolkit.MVVM.CommunityToolkit.Tests/RunicToolkit.MVVM.CommunityToolkit.Tests.csproj" />
    <Project Path="tests/RunicToolkit.MVVM.Protocol.Tests/RunicToolkit.MVVM.Protocol.Tests.csproj" />
    <Project Path="tests/RunicToolkit.MVVM.ReactiveUI.Tests/RunicToolkit.MVVM.ReactiveUI.Tests.csproj" />
    <Project Path="tests/RunicToolkit.MVVM.Tests/RunicToolkit.MVVM.Tests.csproj" />
  </Folder>
  <Folder Name="/tools/">
    <Project Path="tools/RunicToolkit.MVVM.BindingCompiler/RunicToolkit.MVVM.BindingCompiler.csproj" />
    <Project Path="tools/dotnet-runic-toolkit/RunicToolkit.DotNet.RunicToolkit.csproj" />
  </Folder>
  <Folder Name="/templates/">
    <Project Path="templates/RunicToolkit.Templates/RunicToolkit.Templates.csproj" />
  </Folder>
</Solution>
