<Solution>
  <Folder Name="/src/">
    <Project Path="src/Runic.Application.Generators/Runic.Application.Generators.csproj" />
    <Project Path="src/Runic.Application/Runic.Application.csproj" />
    <Project Path="src/Runic.Application.Hosting/Runic.Application.Hosting.csproj" />
    <Project Path="src/Runic.Application.Desktop/Runic.Application.Desktop.csproj" />
    <Project Path="src/Runic.Application.Testing/Runic.Application.Testing.csproj" />
    <Project Path="src/Runic.Application.Bridge.Generators/Runic.Application.Bridge.Generators.csproj" />
    <Project Path="src/Runic.Application.Bridge/Runic.Application.Bridge.csproj" />
  </Folder>
  <Folder Name="/tests/">
    <Project Path="tests/Runic.Application.Tests/Runic.Application.Tests.csproj" />
    <Project Path="tests/Runic.Application.AotSmoke/Runic.Application.AotSmoke.csproj" />
    <Project Path="tests/Runic.Application.Hosting.Tests/Runic.Application.Hosting.Tests.csproj" />
    <Project Path="tests/Runic.Application.Hosting.AotSmoke/Runic.Application.Hosting.AotSmoke.csproj" />
    <Project Path="tests/Runic.Application.Desktop.Tests/Runic.Application.Desktop.Tests.csproj" />
    <Project Path="tests/Runic.Application.Bridge.AotSmoke/Runic.Application.Bridge.AotSmoke.csproj" />
    <Project Path="tests/Runic.Application.Bridge.Tests/Runic.Application.Bridge.Tests.csproj" />
    <Project Path="tests/Runic.Application.Bridge.PortableCore.Tests/Runic.Application.Bridge.PortableCore.Tests.csproj" />
    <Project Path="tests/RunicToolkit.DotNet.RunicToolkit.Tests/RunicToolkit.DotNet.RunicToolkit.Tests.csproj" />
  </Folder>
  <Folder Name="/tools/">
    <Project Path="tools/dotnet-runic-toolkit/Runic.Application.Tool.csproj" />
  </Folder>
  <Folder Name="/templates/">
    <Project Path="templates/RunicToolkit.Templates/RunicToolkit.Templates.csproj" />
  </Folder>
</Solution>
