<Solution>
  <Folder Name="/src/">
    <Project Path="src/WebUIToolkit.Assets/WebUIToolkit.Assets.csproj" />
    <Project Path="src/WebUIToolkit.Collections/WebUIToolkit.Collections.csproj" />
    <Project Path="src/WebUIToolkit.CommandLine.Abstractions/WebUIToolkit.CommandLine.Abstractions.csproj" />
    <Project Path="src/WebUIToolkit.CommandLine.Hosting/WebUIToolkit.CommandLine.Hosting.csproj" />
    <Project Path="src/WebUIToolkit.CommandLine.Processes/WebUIToolkit.CommandLine.Processes.csproj" />
    <Project Path="src/WebUIToolkit.CommandLine/WebUIToolkit.CommandLine.csproj" />
    <Project Path="src/WebUIToolkit.Desktop/WebUIToolkit.Desktop.csproj" />
    <Project Path="src/WebUIToolkit.Frontend.Sdk/WebUIToolkit.Frontend.Sdk.csproj" />
    <Project Path="src/WebUIToolkit.Hosting.Abstractions/WebUIToolkit.Hosting.Abstractions.csproj" />
    <Project Path="src/WebUIToolkit.Hosting.Build/WebUIToolkit.Hosting.Build.csproj" />
    <Project Path="src/WebUIToolkit.Hosting.CommandLine/WebUIToolkit.Hosting.CommandLine.csproj" />
    <Project Path="src/WebUIToolkit.Hosting.CsWebUi/WebUIToolkit.Hosting.CsWebUi.csproj" />
    <Project Path="src/WebUIToolkit.Hosting.CsWebUi.App/WebUIToolkit.Hosting.CsWebUi.App.csproj" />
    <Project Path="src/WebUIToolkit.Hosting.CsWebUi.Mvvm/WebUIToolkit.Hosting.CsWebUi.Mvvm.csproj" />
    <Project Path="src/WebUIToolkit.Hosting.Generators/WebUIToolkit.Hosting.Generators.csproj" />
    <Project Path="src/WebUIToolkit.Hosting.GenericHost/WebUIToolkit.Hosting.GenericHost.csproj" />
    <Project Path="src/WebUIToolkit.Hosting.WebUi/WebUIToolkit.Hosting.WebUi.csproj" />
    <Project Path="src/WebUIToolkit.Hosting/WebUIToolkit.Hosting.csproj" />
    <Project Path="src/WebUIToolkit.MVVM/WebUIToolkit.MVVM.csproj" />
    <Project Path="src/WebUIToolkit.MVVM.Build/WebUIToolkit.MVVM.Build.csproj" />
    <Project Path="src/WebUIToolkit.MVVM.CommunityToolkit/WebUIToolkit.MVVM.CommunityToolkit.csproj" />
    <Project Path="src/WebUIToolkit.MVVM.Flow.CommunityToolkit/WebUIToolkit.MVVM.Flow.CommunityToolkit.csproj" />
    <Project Path="src/WebUIToolkit.MVVM.Flow.Generators/WebUIToolkit.MVVM.Flow.Generators.csproj" />
    <Project Path="src/WebUIToolkit.MVVM.Flow/WebUIToolkit.MVVM.Flow.csproj" />
    <Project Path="src/WebUIToolkit.MVVM.Html.Build/WebUIToolkit.MVVM.Html.Build.csproj" />
    <Project Path="src/WebUIToolkit.MVVM.Html.Compiler/WebUIToolkit.MVVM.Html.Compiler.csproj" />
    <Project Path="src/WebUIToolkit.MVVM.Html.Htmx.CsWebUi/WebUIToolkit.MVVM.Html.Htmx.CsWebUi.csproj" />
    <Project Path="src/WebUIToolkit.MVVM.Html.Htmx.CsWebUi.App/WebUIToolkit.MVVM.Html.Htmx.CsWebUi.App.csproj" />
    <Project Path="src/WebUIToolkit.MVVM.Html.Htmx.Js/WebUIToolkit.MVVM.Html.Htmx.Js.csproj" />
    <Project Path="src/WebUIToolkit.MVVM.Html.Htmx/WebUIToolkit.MVVM.Html.Htmx.csproj" />
    <Project Path="src/WebUIToolkit.MVVM.Html.Testing/WebUIToolkit.MVVM.Html.Testing.csproj" />
    <Project Path="src/WebUIToolkit.MVVM.Html/WebUIToolkit.MVVM.Html.csproj" />
    <Project Path="src/WebUIToolkit.MVVM.ReactiveUI/WebUIToolkit.MVVM.ReactiveUI.csproj" />
    <Project Path="src/WebUIToolkit.TextResources.Build/WebUIToolkit.TextResources.Build.csproj" />
    <Project Path="src/WebUIToolkit.TextResources.Compiler/WebUIToolkit.TextResources.Compiler.csproj" />
    <Project Path="src/WebUIToolkit.TextResources.Generator/WebUIToolkit.TextResources.Generator.csproj" />
    <Project Path="src/WebUIToolkit.TextResources/WebUIToolkit.TextResources.csproj" />
  </Folder>
  <Folder Name="/tests/">
    <Project Path="tests/WebUIToolkit.Assets.Tests/WebUIToolkit.Assets.Tests.csproj" />
    <Project Path="tests/WebUIToolkit.Collections.Tests/WebUIToolkit.Collections.Tests.csproj" />
    <Project Path="tests/WebUIToolkit.CommandLine.Contracts.Tests/WebUIToolkit.CommandLine.Contracts.Tests.csproj" />
    <Project Path="tests/WebUIToolkit.CommandLine.Hosting.Tests/WebUIToolkit.CommandLine.Hosting.Tests.csproj" />
    <Project Path="tests/WebUIToolkit.CommandLine.Processes.Tests/WebUIToolkit.CommandLine.Processes.Tests.csproj" />
    <Project Path="tests/WebUIToolkit.CommandLine.Tests/WebUIToolkit.CommandLine.Tests.csproj" />
    <Project Path="tests/WebUIToolkit.DotNet.WebUIToolkit.Tests/WebUIToolkit.DotNet.WebUIToolkit.Tests.csproj" />
    <Project Path="tests/WebUIToolkit.Desktop.Tests/WebUIToolkit.Desktop.Tests.csproj" />
    <Project Path="tests/WebUIToolkit.Frontend.Sdk.Tests/WebUIToolkit.Frontend.Sdk.Tests.csproj" />
    <Project Path="tests/WebUIToolkit.Hosting.Build.Tests/WebUIToolkit.Hosting.Build.Tests.csproj" />
    <Project Path="tests/WebUIToolkit.Hosting.CompositionTests/WebUIToolkit.Hosting.CompositionTests.csproj" />
    <Project Path="tests/WebUIToolkit.Hosting.ContractTests/WebUIToolkit.Hosting.ContractTests.csproj" />
    <Project Path="tests/WebUIToolkit.Hosting.CsWebUi.Tests/WebUIToolkit.Hosting.CsWebUi.Tests.csproj" />
    <Project Path="tests/WebUIToolkit.Hosting.CsWebUi.Mvvm.Tests/WebUIToolkit.Hosting.CsWebUi.Mvvm.Tests.csproj" />
    <Project Path="tests/WebUIToolkit.Hosting.CsWebUi.NativeE2E/WebUIToolkit.Hosting.CsWebUi.NativeE2E.csproj" />
    <Project Path="tests/WebUIToolkit.Hosting.WaveCTests/WebUIToolkit.Hosting.WaveCTests.csproj" />
    <Project Path="tests/WebUIToolkit.MVVM.BindingCompiler.Tests/WebUIToolkit.MVVM.BindingCompiler.Tests.csproj" />
    <Project Path="tests/WebUIToolkit.MVVM.Build.Tests/WebUIToolkit.MVVM.Build.Tests.csproj" />
    <Project Path="tests/WebUIToolkit.MVVM.CommunityToolkit.Tests/WebUIToolkit.MVVM.CommunityToolkit.Tests.csproj" />
    <Project Path="tests/WebUIToolkit.MVVM.Flow.CommunityToolkit.Tests/WebUIToolkit.MVVM.Flow.CommunityToolkit.Tests.csproj" />
    <Project Path="tests/WebUIToolkit.MVVM.Flow.Tests/WebUIToolkit.MVVM.Flow.Tests.csproj" />
    <Project Path="tests/WebUIToolkit.MVVM.Html.Htmx.Tests/WebUIToolkit.MVVM.Html.Htmx.Tests.csproj" />
    <Project Path="tests/WebUIToolkit.MVVM.Html.Htmx.CsWebUi.Tests/WebUIToolkit.MVVM.Html.Htmx.CsWebUi.Tests.csproj" />
    <Project Path="tests/WebUIToolkit.MVVM.Html.Tests/WebUIToolkit.MVVM.Html.Tests.csproj" />
    <Project Path="tests/WebUIToolkit.MVVM.Protocol.Tests/WebUIToolkit.MVVM.Protocol.Tests.csproj" />
    <Project Path="tests/WebUIToolkit.MVVM.ReactiveUI.Tests/AotSmoke/WebUIToolkit.MVVM.ReactiveUI.AotSmoke.csproj" />
    <Project Path="tests/WebUIToolkit.MVVM.ReactiveUI.Tests/WebUIToolkit.MVVM.ReactiveUI.Tests.csproj" />
    <Project Path="tests/WebUIToolkit.MVVM.Tests/WebUIToolkit.MVVM.Tests.csproj" />
    <Project Path="tests/WebUIToolkit.Samples.Cwhtml.Components.Tests/WebUIToolkit.Samples.Cwhtml.Components.Tests.csproj" />
    <Project Path="tests/WebUIToolkit.TextResources.ApiTests/WebUIToolkit.TextResources.ApiTests.csproj" />
    <Project Path="tests/WebUIToolkit.TextResources.Build.Tests/WebUIToolkit.TextResources.Build.Tests.csproj" />
    <Project Path="tests/WebUIToolkit.TextResources.Compiler.Tests/WebUIToolkit.TextResources.Compiler.Tests.csproj" />
    <Project Path="tests/WebUIToolkit.TextResources.Generator.Tests/WebUIToolkit.TextResources.Generator.Tests.csproj" />
    <Project Path="tests/WebUIToolkit.TextResources.Runtime.Tests/WebUIToolkit.TextResources.Runtime.Tests.csproj" />
    <Project Path="tests/WebUIToolkit.Templates.Tests/WebUIToolkit.Templates.Tests.csproj" />
    <Project Path="tools/dotnet-textresources/WebUIToolkit.DotNet.TextResources.csproj" />
    <Project Path="tools/WebUIToolkit.MVVM.BindingCompiler/WebUIToolkit.MVVM.BindingCompiler.csproj" />
  </Folder>
  <Folder Name="/tools/">
    <Project Path="tools/dotnet-cwhtml/WebUIToolkit.DotNet.Cwhtml.csproj" />
    <Project Path="tools/dotnet-webuitoolkit/WebUIToolkit.DotNet.WebUIToolkit.csproj" />
  </Folder>
  <Folder Name="/templates/">
    <Project Path="templates/WebUIToolkit.Templates/WebUIToolkit.Templates.csproj" />
  </Folder>
  <Folder Name="/samples/">
    <Project Path="samples/01-HelloLifecycle/HelloLifecycle.csproj" />
    <Project Path="samples/02-GreetingCommandLine/GreetingCommandLine.csproj" />
    <Project Path="samples/03-MvvmCounterProjection/MvvmCounterProjection.csproj" />
    <Project Path="samples/04-NativeMvvmCounter/NativeMvvmCounter.csproj" />
    <Project Path="samples/AdvancedTodo/AdvancedTodo.csproj" />
    <Project Path="samples/Cwhtml.SampleComponents/WebUIToolkit.Samples.Cwhtml.Components.csproj" />
    <Project Path="samples/SimpleTodo/SimpleTodo.csproj" />
    <Project Path="samples/Todo.Angular/Todo.Angular.csproj" />
    <Project Path="samples/Todo.FrontendHost/Todo.FrontendHost.csproj" />
    <Project Path="samples/Todo.React/Todo.React.csproj" />
    <Project Path="samples/Todo.Shared/Todo.Shared.csproj" />
    <Project Path="samples/Todo.Svelte/Todo.Svelte.csproj" />
    <Project Path="samples/Todo.Vue/Todo.Vue.csproj" />
  </Folder>
</Solution>
