{
  "version": 2,
  "dependencies": {
    "net10.0": {
      "ReactiveUI": {
        "type": "Direct",
        "requested": "[23.2.28, )",
        "resolved": "23.2.28",
        "contentHash": "9sSuHnMcLTLhgMTQpQO6Jhz9Cbub3Pg44i6FS4Ot4UtbV8dpwMH3JGzGjT72oav4aSrJlmzbFyI87gX55oPzLA==",
        "dependencies": {
          "DynamicData": "9.4.31",
          "Splat": "19.4.1",
          "System.Reactive": "6.1.0"
        }
      },
      "ReactiveUI.SourceGenerators": {
        "type": "Direct",
        "requested": "[3.1.0, )",
        "resolved": "3.1.0",
        "contentHash": "VozzJ4V+VkLlf4LjMADMFChdTe7mfZ13F9miX4aSm9NYH6iBmycrkrc6r1Cf7udJQnsxHjctfRvI+RnMMnP0bQ==",
        "dependencies": {
          "ReactiveUI.SourceGenerators.Analyzers.CodeFixes": "3.1.0"
        }
      },
      "DynamicData": {
        "type": "Transitive",
        "resolved": "9.4.31",
        "contentHash": "w2bT92Z5ADtnmtKiC9mzk21h7MtXtZEQKWFyytuHqhPBo7rKPWnvFk/xy1M/VA6XQTbCjRWMNV795w+RizFn4g==",
        "dependencies": {
          "System.Reactive": "6.1.0"
        }
      },
      "ReactiveUI.SourceGenerators.Analyzers.CodeFixes": {
        "type": "Transitive",
        "resolved": "3.1.0",
        "contentHash": "eoWsvCTDx7iZCdoda3wMTBCRjjdvkSNLFCxoBsEYHyyLyNlGH/gcEthORtzfKTcCMO9eCGfz0vZpFYXVMT0pNA=="
      },
      "Splat": {
        "type": "Transitive",
        "resolved": "19.4.1",
        "contentHash": "3VJOloRQA3bgbAxyNAi4mvLAR/mKH3h1agN5pIrUXvp9lAA2/rvUgxOYjt+GZ4suouLfXxkeKcS/bRjSclo1LQ==",
        "dependencies": {
          "Splat.Builder": "19.4.1",
          "Splat.Logging": "19.4.1"
        }
      },
      "Splat.Builder": {
        "type": "Transitive",
        "resolved": "19.4.1",
        "contentHash": "9i0RLWEwfheI8aI17WaW8AJmNlFVi7LaX3XQwAavGqUaJJi7Vp5Eh9umWqVQYBLjs87ztVLmax/OMzMyW2igKQ==",
        "dependencies": {
          "Splat.Core": "19.4.1"
        }
      },
      "Splat.Core": {
        "type": "Transitive",
        "resolved": "19.4.1",
        "contentHash": "fOjcUDP9YzJPZnSDI2eBO+NwRoEJVFEkTGlh/tFa7GUXc5mtMcQdwak60Ju4DWvPSAfsxlu2geObmhZAQe1VLg=="
      },
      "Splat.Logging": {
        "type": "Transitive",
        "resolved": "19.4.1",
        "contentHash": "bvudJQxxMnHIa9dtZaUUCpvmd96rQxA0yjrZLoB4OSiAJpIxMCDCwnDmG6RhDyW2pS3O0xef2e1STY/oL1PqRw==",
        "dependencies": {
          "Splat.Core": "19.4.1"
        }
      },
      "System.Reactive": {
        "type": "Transitive",
        "resolved": "6.1.0",
        "contentHash": "M5cCC1ZMkZr9jbSQGTHnVkb5TDN67qWCV7AP8TAHdGkvDlu0puT5NzemESNn9+HkYIDpWpocP68/i+/ame2/2w=="
      },
      "webuitoolkit.mvvm": {
        "type": "Project"
      },
      "webuitoolkit.mvvm.build": {
        "type": "Project",
        "dependencies": {
          "WebUIToolkit.MVVM": "[1.0.0, )"
        }
      },
      "webuitoolkit.mvvm.reactiveui": {
        "type": "Project",
        "dependencies": {
          "ReactiveUI": "[22.3.1, 24.0.0)",
          "WebUIToolkit.MVVM": "[1.0.0, )"
        }
      }
    }
  }
}