{
  "version": 3,
  "targets": {
    "net10.0": {
      "Example.Direct/1.2.3": {
        "type": "package",
        "dependencies": { "Example.Transitive": "2.0.0" },
        "runtime": { "lib/net10.0/Example.Direct.dll": {} }
      },
      "Example.Transitive/2.0.0": {
        "type": "package",
        "runtime": { "lib/net10.0/Example.Transitive.dll": {} }
      },
      "Example.Build/3.0.0": {
        "type": "package",
        "buildTransitive": { "buildTransitive/Example.Build.targets": {} }
      }
    }
  },
  "libraries": {
    "Example.Direct/1.2.3": {
      "sha512": "ZGlyZWN0LWhhc2g=",
      "type": "package",
      "path": "example.direct/1.2.3",
      "files": [ "example.direct.nuspec", "LICENSE.txt", "lib/net10.0/Example.Direct.dll" ]
    },
    "Example.Transitive/2.0.0": {
      "sha512": "dHJhbnNpdGl2ZS1oYXNo",
      "type": "package",
      "path": "example.transitive/2.0.0",
      "files": [ "example.transitive.nuspec", "LICENSE" ]
    },
    "Example.Build/3.0.0": {
      "sha512": "YnVpbGQtaGFzaA==",
      "type": "package",
      "path": "example.build/3.0.0",
      "files": [ "example.build.nuspec", "LICENSE.md", "buildTransitive/Example.Build.targets" ]
    }
  },
  "packageFolders": { "unused-by-explicit-option": {} }
}
