{
  "version": 1,
  "dependencies": {
    "net10.0": {
      "WebUIToolkit.Hosting": {
        "type": "Direct",
        "requested": "[1.0.0, )",
        "resolved": "1.0.0",
        "contentHash": "hBjQOqVO7ufojO68e+oagep4qsUAfAO4Lyci97wKhCzIhY/1sGqTPArNyuq5+C08Y+QucF/c8e5nbVsstyBADw==",
        "dependencies": {
          "WebUIToolkit.Hosting.Abstractions": "1.0.0"
        }
      },
      "WebUIToolkit.Hosting.Abstractions": {
        "type": "Direct",
        "requested": "[1.0.0, )",
        "resolved": "1.0.0",
        "contentHash": "+TbP0t93fm2snAAci7uq0pVCuPg2qDecT31fzhXFcmvILwuPcdrZq2EvBOtlxkG8Nqzol5apI76WcVp5/nmWLQ=="
      },
      "WebUIToolkit.Hosting.Build": {
        "type": "Direct",
        "requested": "[1.0.0, )",
        "resolved": "1.0.0",
        "contentHash": "URWn+EYFAB6rkui+s6CH/giIYdpMDH9xhe4K1sOkenM2k0x80zCMymKrWrlkAEkrAdflNOe9mZ/XneJLeIghYw==",
        "dependencies": {
          "WebUIToolkit.Hosting.Abstractions": "1.0.0"
        }
      },
      "WebUIToolkit.Hosting.Generators": {
        "type": "Direct",
        "requested": "[1.0.0, )",
        "resolved": "1.0.0",
        "contentHash": "D219rzzpLvrfHyekFW/Ql/u585p7DBoZPbWipoDAVB7CzTYAWOviwuQ0qmext/lIBXTbvTWp6uAfidDskl7K9w=="
      },
      "WebUIToolkit.Hosting.GenericHost": {
        "type": "Direct",
        "requested": "[1.0.0, )",
        "resolved": "1.0.0",
        "contentHash": "Ebvma03ChJzktUkfZOKyuzA3uPMm2PF5niJl/IAueljZQoDWxtdlKI3v1vY+HTVdwaJnQ6efobiME3pwFiP31w==",
        "dependencies": {
          "WebUIToolkit.Hosting": "1.0.0"
        }
      },
      "WebUIToolkit.Hosting.WebUi": {
        "type": "Direct",
        "requested": "[1.0.0, )",
        "resolved": "1.0.0",
        "contentHash": "nAdI1yljHHJbPqYQk6OK8Adgxyubu2+UIHedSYeOEbtuPyUJJSWzI2qWRFvrU7i/6pqRL6DJtkeYatx+dvgpoQ==",
        "dependencies": {
          "WebUIToolkit.Hosting": "1.0.0",
          "WebUIToolkit.MVVM": "1.0.0"
        }
      },
      "WebUIToolkit.MVVM": {
        "type": "Direct",
        "requested": "[1.0.0, )",
        "resolved": "1.0.0",
        "contentHash": "03IcJkyBYOHzc/SsYMm0SPzBmSXQ0XZWXZP9mrEyhKfck0N190fvjG+xCj9b6E2pgUcmhsEiKiehdYaEjioaYA=="
      }
    }
  }
}