{
  "version": 1,
  "dependencies": {
    "net10.0": {
      "WebUIToolkit.Hosting": {
        "type": "Direct",
        "requested": "[1.0.0, )",
        "resolved": "1.0.0",
        "contentHash": "tlbQMubmxCod5rPyXtfQ4BG4Yt0jMaXO00ZvotBuyXu1OMwzV6+wV688PcysarquZ5GFGyR7ap5IuwkG7HMdAw==",
        "dependencies": {
          "WebUIToolkit.Hosting.Abstractions": "1.0.0"
        }
      },
      "WebUIToolkit.Hosting.Abstractions": {
        "type": "Direct",
        "requested": "[1.0.0, )",
        "resolved": "1.0.0",
        "contentHash": "Wd/BSNV5SNOVDw2Ofuttr7XMtO7+3l2gM9EPu8fEs8rBqvgeEgRCXigOLLbe2qBTga7mHW6zo+QTpXbzY08iuw=="
      },
      "WebUIToolkit.Hosting.Build": {
        "type": "Direct",
        "requested": "[1.0.0, )",
        "resolved": "1.0.0",
        "contentHash": "S5z/qvDCZxfjafmHZB+h/zDS8o5GXrTG0awzR0ApEETdmYKjI4MRQv0Dn0DYAQk/TvMXZFLb0lgDAmrWqUw3cw==",
        "dependencies": {
          "WebUIToolkit.Hosting.Abstractions": "1.0.0"
        }
      },
      "WebUIToolkit.Hosting.Generators": {
        "type": "Direct",
        "requested": "[1.0.0, )",
        "resolved": "1.0.0",
        "contentHash": "oFlOu/rSEtxrzunVtu/nfVUvR7R75/CZxkA7kewnmpSs46vuM1WXmDWETN/N/YrqkrdJbp32JAzO3o1VRfn3ng=="
      },
      "WebUIToolkit.Hosting.GenericHost": {
        "type": "Direct",
        "requested": "[1.0.0, )",
        "resolved": "1.0.0",
        "contentHash": "iYG7zXvm3v+qVV5nsyWi3/COMmlW7YrEL1hYujZhVXY2H5WW3oFJTli1al47a/b4vkOHxYIrTItOu44wOzjLFw==",
        "dependencies": {
          "WebUIToolkit.Hosting": "1.0.0"
        }
      },
      "WebUIToolkit.Hosting.WebUi": {
        "type": "Direct",
        "requested": "[1.0.0, )",
        "resolved": "1.0.0",
        "contentHash": "KZfjNDKc/zPtVNicjJFPkRA9LZ8lDfAOtYNXdC34kpt99Wm/ajSA6hlvnJntf4H/y+LsvVri8wGufWg6UTC7yA==",
        "dependencies": {
          "WebUIToolkit.Hosting": "1.0.0",
          "WebUIToolkit.MVVM": "1.0.0"
        }
      },
      "WebUIToolkit.MVVM": {
        "type": "Direct",
        "requested": "[1.0.0, )",
        "resolved": "1.0.0",
        "contentHash": "vmsonac19fnlExuZujcNQG/rP10rghqr/ZpmpQK0RVRszkbT9WknnV8TwLNf1gh9FLTHb+sWZHUkpzXb5SzY5A=="
      }
    }
  }
}