{
  "version": 1,
  "dependencies": {
    "net10.0": {
      "WebUIToolkit.MVVM.CommunityToolkit": {
        "type": "Direct",
        "requested": "[0.0.0-local, )",
        "resolved": "0.0.0-local",
        "contentHash": "JLQ7nankzG2Jsk/Q1QhplV0xybi/WVaelJ6VnahjmpiQlm5IW4uBu1OnlVwHXhTdLw5UVLy0OG6Cj/xerGBoOg==",
        "dependencies": {
          "CommunityToolkit.Mvvm": "[8.4.2]",
          "WebUIToolkit.MVVM": "0.0.0-local"
        }
      },
      "CommunityToolkit.Mvvm": {
        "type": "Transitive",
        "resolved": "8.4.2",
        "contentHash": "WadCzGEc2U+3e20avRLng4qNtt4zoOGWrdUISqJWrHe3/FSnrYjuM5Sb4yQb09LhkBXrrI4Zt3dLKgRMbItsrg=="
      },
      "WebUIToolkit.MVVM": {
        "type": "Transitive",
        "resolved": "0.0.0-local",
        "contentHash": "xBkk1NjuC8Xj+yMybpKmYFRMybJzmhixv+KI8TZqk20Uwbku6OA+lmbYu7UaLbVqHuJsK6xL1sD311dX8jNORg=="
      }
    }
  }
}