{
  "version": 1,
  "dependencies": {
    "net10.0": {
      "WebUIToolkit.MVVM.CommunityToolkit": {
        "type": "Direct",
        "requested": "[0.0.0-local, )",
        "resolved": "0.0.0-local",
        "contentHash": "N97DFrNyMUhP7TP7rI3C5lF98QBwXGNxuBR2OXjrDrYuj4gLbkz0rVcQGmlzMqLFILErfBW7H9g6mezUmTHXnQ==",
        "dependencies": {
          "CommunityToolkit.Mvvm": "[8.4.2]",
          "WebUIToolkit.MVVM": "0.0.0-local"
        }
      },
      "CommunityToolkit.Mvvm": {
        "type": "Transitive",
        "resolved": "8.4.2",
        "contentHash": "WadCzGEc2U+3e20avRLng4qNtt4zoOGWrdUISqJWrHe3/FSnrYjuM5Sb4yQb09LhkBXrrI4Zt3dLKgRMbItsrg=="
      },
      "WebUIToolkit.MVVM": {
        "type": "Transitive",
        "resolved": "0.0.0-local",
        "contentHash": "wrRgn8lnRIKYqGAPQ0yWh6VulLceSbYCM/SUXLX0C1pdnyzUXgK7gUMkknw4ra/ExnlgfbtKArDxKs+0F+THPw=="
      }
    }
  }
}