{
  "version": 1,
  "dependencies": {
    "net10.0": {
      "Microsoft.NET.ILLink.Tasks": {
        "type": "Direct",
        "requested": "[10.0.10, )",
        "resolved": "10.0.10",
        "contentHash": "f5VCIE7AJpd5YvzNTeMGVzQIgyE9tX+AreTYwQF+REbu+DZo/2Ae+jNSwhPEYrVz6RRkd7y8ubXjk6Nn6Ka+Cg=="
      },
      "ReactiveUI": {
        "type": "Direct",
        "requested": "[22.3.1, 24.0.0)",
        "resolved": "22.3.1",
        "contentHash": "rCJ4PwXjpWZCKPXmq9N72chAO7L4EU9J14TlTO6ZI87kzrVHY+LSam8Kvkc6YctNbZA++ORiYuB/AOE8PqjrTg==",
        "dependencies": {
          "DynamicData": "9.4.1",
          "Splat": "17.1.1",
          "System.Reactive": "6.1.0"
        }
      },
      "DynamicData": {
        "type": "Transitive",
        "resolved": "9.4.1",
        "contentHash": "+SoDTbuzY9j0K+sZfRbbVpGjjylkVMhUQnw6qiPhxzYLBJlwxFpmunXSaNBtTxwC2C9d/XIp0kO7VhMAVuUt7w==",
        "dependencies": {
          "System.Reactive": "6.0.1"
        }
      },
      "Splat": {
        "type": "Transitive",
        "resolved": "17.1.1",
        "contentHash": "WwSoJ6aPHlXwWS2jfUtKQIgzQQDSuE/iGbqEFRcM1DKVQelf+XSfnaur6oAqzECobuJLC9nqUMeDH19gU6JDag==",
        "dependencies": {
          "Splat.Builder": "17.1.1",
          "Splat.Logging": "17.1.1",
          "System.Reactive": "6.0.2"
        }
      },
      "Splat.Builder": {
        "type": "Transitive",
        "resolved": "17.1.1",
        "contentHash": "xlA5ErMwa/mg//uC5Ajv4ns3HbWXE0VJiyfupdsLfC+1HPf2MIUUk9ViYxwearB9nkZ+mAmteVD0keBhg/LYsQ==",
        "dependencies": {
          "Splat.Core": "17.1.1",
          "System.Reactive": "6.0.2"
        }
      },
      "Splat.Core": {
        "type": "Transitive",
        "resolved": "17.1.1",
        "contentHash": "sRNcO9EcnrCMr2OF4IxD8gcHtIAfCi98GwVZEK9X294RQEBIsy7sHwy8fndlxLguIHvjDJMz85v+qd226pwdNw==",
        "dependencies": {
          "System.Reactive": "6.0.2"
        }
      },
      "Splat.Logging": {
        "type": "Transitive",
        "resolved": "17.1.1",
        "contentHash": "OSkQVj6/hYVHa0taPasaknuOLw4l8CH9oTFRNuFayDowhHtGg6+UQb2LeSJXV+EXRmUL2E/TFz2ucitnQyTXJQ==",
        "dependencies": {
          "Splat.Core": "17.1.1",
          "System.Reactive": "6.0.2"
        }
      },
      "System.Reactive": {
        "type": "Transitive",
        "resolved": "6.1.0",
        "contentHash": "M5cCC1ZMkZr9jbSQGTHnVkb5TDN67qWCV7AP8TAHdGkvDlu0puT5NzemESNn9+HkYIDpWpocP68/i+/ame2/2w=="
      },
      "webuitoolkit.mvvm": {
        "type": "Project"
      }
    }
  }
}